
Microsoft Visual Studio Solution File, Format Version 12.00
# Visual Studio 15
VisualStudioVersion = 15.0.28307.1340
MinimumVisualStudioVersion = 10.0.40219.1
Project("{9A19103F-16F7-4668-BE54-9A1E7A4F7556}") = "L02", "L02.csproj", "{FD5F1331-1016-4214-871D-EDD031BC7754}"
EndProject
Global
	GlobalSection(SolutionConfigurationPlatforms) = preSolution
		Debug|Any CPU = Debug|Any CPU
		Release|Any CPU = Release|Any CPU
	EndGlobalSection
	GlobalSection(ProjectConfigurationPlatforms) = postSolution
		{FD5F1331-1016-4214-871D-EDD031BC7754}.Debug|Any CPU.ActiveCfg = Debug|Any CPU
		{FD5F1331-1016-4214-871D-EDD031BC7754}.Debug|Any CPU.Build.0 = Debug|Any CPU
		{FD5F1331-1016-4214-871D-EDD031BC7754}.Release|Any CPU.ActiveCfg = Release|Any CPU
		{FD5F1331-1016-4214-871D-EDD031BC7754}.Release|Any CPU.Build.0 = Release|Any CPU
	EndGlobalSection
	GlobalSection(SolutionProperties) = preSolution
		HideSolutionNode = FALSE
	EndGlobalSection
	GlobalSection(ExtensibilityGlobals) = postSolution
		SolutionGuid = {98AE5868-C5B3-42EA-B36E-0F5E3BFB6FE6}
	EndGlobalSection
EndGlobal
